
Microsoft Visual Studio Solution File, Format Version 12.00
# Visual Studio Version 17
VisualStudioVersion = 17.0.31903.59
MinimumVisualStudioVersion = 10.0.40219.1
Project("{2150E333-8FDC-42A3-9474-1A3956D46DE8}") = "src", "src", "{02EA681E-C7D8-13C7-8484-4AC65E1B71E8}"
EndProject
Project("{FAE04EC0-301F-11D3-BF4B-00C04F79EFBC}") = "CookieAPI", "CookieAPI\CookieAPI.csproj", "{560CCCBD-AC6F-49C5-A3CC-C1F80F2C0471}"
EndProject
Global
	GlobalSection(SolutionConfigurationPlatforms) = preSolution
		Debug|Any CPU = Debug|Any CPU
		Release|Any CPU = Release|Any CPU
	EndGlobalSection
	GlobalSection(ProjectConfigurationPlatforms) = postSolution
		{560CCCBD-AC6F-49C5-A3CC-C1F80F2C0471}.Debug|Any CPU.ActiveCfg = Debug|Any CPU
		{560CCCBD-AC6F-49C5-A3CC-C1F80F2C0471}.Debug|Any CPU.Build.0 = Debug|Any CPU
		{560CCCBD-AC6F-49C5-A3CC-C1F80F2C0471}.Release|Any CPU.ActiveCfg = Release|Any CPU
		{560CCCBD-AC6F-49C5-A3CC-C1F80F2C0471}.Release|Any CPU.Build.0 = Release|Any CPU
	EndGlobalSection
	GlobalSection(SolutionProperties) = preSolution
		HideSolutionNode = FALSE
	EndGlobalSection
	GlobalSection(NestedProjects) = preSolution
		{560CCCBD-AC6F-49C5-A3CC-C1F80F2C0471} = {02EA681E-C7D8-13C7-8484-4AC65E1B71E8}
	EndGlobalSection
	GlobalSection(ExtensibilityGlobals) = postSolution
		SolutionGuid = {95AC78EC-F9F7-4A4F-9029-4DAED0C52084}
	EndGlobalSection
EndGlobal
